
Microsoft Visual Studio Solution File, Format Version 12.00
# Visual Studio 15
VisualStudioVersion = 15.0.28307.539
MinimumVisualStudioVersion = 10.0.40219.1
Project("{9A19103F-16F7-4668-BE54-9A1E7A4F7556}") = "certtest", "certtest\certtest.csproj", "{F17FAC3C-0853-498B-8CFB-224D111F7702}"
EndProject
Global
	GlobalSection(SolutionConfigurationPlatforms) = preSolution
		Debug|Any CPU = Debug|Any CPU
		Release|Any CPU = Release|Any CPU
	EndGlobalSection
	GlobalSection(ProjectConfigurationPlatforms) = postSolution
		{F17FAC3C-0853-498B-8CFB-224D111F7702}.Debug|Any CPU.ActiveCfg = Debug|Any CPU
		{F17FAC3C-0853-498B-8CFB-224D111F7702}.Debug|Any CPU.Build.0 = Debug|Any CPU
		{F17FAC3C-0853-498B-8CFB-224D111F7702}.Release|Any CPU.ActiveCfg = Release|Any CPU
		{F17FAC3C-0853-498B-8CFB-224D111F7702}.Release|Any CPU.Build.0 = Release|Any CPU
	EndGlobalSection
	GlobalSection(SolutionProperties) = preSolution
		HideSolutionNode = FALSE
	EndGlobalSection
	GlobalSection(ExtensibilityGlobals) = postSolution
		SolutionGuid = {4418CA2F-E62E-4420-83B6-7B54C68B0B67}
	EndGlobalSection
EndGlobal
